
Microsoft Visual Studio Solution File, Format Version 12.00
# Visual Studio Version 17
VisualStudioVersion = 17.0.31903.59
MinimumVisualStudioVersion = 10.0.40219.1
Project("{FAE04EC0-301F-11D3-BF4B-00C04F79EFBC}") = "CobaDay3", "Day 3\CobaDay3.csproj", "{B539E0D1-28CD-48AA-859E-EB26746A7E98}"
EndProject
Global
	GlobalSection(SolutionConfigurationPlatforms) = preSolution
		Debug|Any CPU = Debug|Any CPU
		Release|Any CPU = Release|Any CPU
	EndGlobalSection
	GlobalSection(SolutionProperties) = preSolution
		HideSolutionNode = FALSE
	EndGlobalSection
	GlobalSection(ProjectConfigurationPlatforms) = postSolution
		{28F54576-3CBF-4216-B0DF-90EF67463ED7}.Debug|Any CPU.ActiveCfg = Debug|Any CPU
		{28F54576-3CBF-4216-B0DF-90EF67463ED7}.Debug|Any CPU.Build.0 = Debug|Any CPU
		{28F54576-3CBF-4216-B0DF-90EF67463ED7}.Release|Any CPU.ActiveCfg = Release|Any CPU
		{28F54576-3CBF-4216-B0DF-90EF67463ED7}.Release|Any CPU.Build.0 = Release|Any CPU
		{B539E0D1-28CD-48AA-859E-EB26746A7E98}.Debug|Any CPU.ActiveCfg = Debug|Any CPU
		{B539E0D1-28CD-48AA-859E-EB26746A7E98}.Debug|Any CPU.Build.0 = Debug|Any CPU
		{B539E0D1-28CD-48AA-859E-EB26746A7E98}.Release|Any CPU.ActiveCfg = Release|Any CPU
		{B539E0D1-28CD-48AA-859E-EB26746A7E98}.Release|Any CPU.Build.0 = Release|Any CPU
	EndGlobalSection
EndGlobal
