
Microsoft Visual Studio Solution File, Format Version 12.00
# Visual Studio Version 17
VisualStudioVersion = 17.5.001.0
MinimumVisualStudioVersion = 10.0.40219.1
Project("{9A19103F-16F7-4668-BE54-9A1E7A4F7556}") = "mencoba", "mencoba.csproj", "{256ED655-FB1E-4AE9-967E-79FDF0A71EBB}"
EndProject
Global
	GlobalSection(SolutionConfigurationPlatforms) = preSolution
		Debug|Any CPU = Debug|Any CPU
		Release|Any CPU = Release|Any CPU
	EndGlobalSection
	GlobalSection(ProjectConfigurationPlatforms) = postSolution
		{256ED655-FB1E-4AE9-967E-79FDF0A71EBB}.Debug|Any CPU.ActiveCfg = Debug|Any CPU
		{256ED655-FB1E-4AE9-967E-79FDF0A71EBB}.Debug|Any CPU.Build.0 = Debug|Any CPU
		{256ED655-FB1E-4AE9-967E-79FDF0A71EBB}.Release|Any CPU.ActiveCfg = Release|Any CPU
		{256ED655-FB1E-4AE9-967E-79FDF0A71EBB}.Release|Any CPU.Build.0 = Release|Any CPU
	EndGlobalSection
	GlobalSection(SolutionProperties) = preSolution
		HideSolutionNode = FALSE
	EndGlobalSection
	GlobalSection(ExtensibilityGlobals) = postSolution
		SolutionGuid = {976243A4-0E2D-468C-A960-23732251826B}
	EndGlobalSection
EndGlobal
