
Microsoft Visual Studio Solution File, Format Version 12.00
# Visual Studio Version 17
VisualStudioVersion = 17.0.31903.59
MinimumVisualStudioVersion = 10.0.40219.1
Project("{FAE04EC0-301F-11D3-BF4B-00C04F79EFBC}") = "DAY 3", "DAY 3.csproj", "{9AD99737-3D68-47DE-A85D-B80F28019986}"
EndProject
Project("{FAE04EC0-301F-11D3-BF4B-00C04F79EFBC}") = "BurungLib", "BurungLib\BurungLib.csproj", "{54A184C6-66C7-471A-906F-DF889EB0EEBF}"
EndProject
Global
	GlobalSection(SolutionConfigurationPlatforms) = preSolution
		Debug|Any CPU = Debug|Any CPU
		Release|Any CPU = Release|Any CPU
	EndGlobalSection
	GlobalSection(SolutionProperties) = preSolution
		HideSolutionNode = FALSE
	EndGlobalSection
	GlobalSection(ProjectConfigurationPlatforms) = postSolution
		{9AD99737-3D68-47DE-A85D-B80F28019986}.Debug|Any CPU.ActiveCfg = Debug|Any CPU
		{9AD99737-3D68-47DE-A85D-B80F28019986}.Debug|Any CPU.Build.0 = Debug|Any CPU
		{9AD99737-3D68-47DE-A85D-B80F28019986}.Release|Any CPU.ActiveCfg = Release|Any CPU
		{9AD99737-3D68-47DE-A85D-B80F28019986}.Release|Any CPU.Build.0 = Release|Any CPU
		{54A184C6-66C7-471A-906F-DF889EB0EEBF}.Debug|Any CPU.ActiveCfg = Debug|Any CPU
		{54A184C6-66C7-471A-906F-DF889EB0EEBF}.Debug|Any CPU.Build.0 = Debug|Any CPU
		{54A184C6-66C7-471A-906F-DF889EB0EEBF}.Release|Any CPU.ActiveCfg = Release|Any CPU
		{54A184C6-66C7-471A-906F-DF889EB0EEBF}.Release|Any CPU.Build.0 = Release|Any CPU
	EndGlobalSection
EndGlobal
